
Microsoft Visual Studio Solution File, Format Version 12.00
# Visual Studio Version 17
VisualStudioVersion = 17.0.31903.59
MinimumVisualStudioVersion = 10.0.40219.1
Project("{FAE04EC0-301F-11D3-BF4B-00C04F79EFBC}") = "task11", "task11\task11.csproj", "{0549D829-D7AE-4BC3-866B-79337E1B394B}"
EndProject
Project("{FAE04EC0-301F-11D3-BF4B-00C04F79EFBC}") = "task11tests", "task11tests\task11tests.csproj", "{D666CB27-C9FE-4548-B2C2-2A31ACE7C030}"
EndProject
Global
	GlobalSection(SolutionConfigurationPlatforms) = preSolution
		Debug|Any CPU = Debug|Any CPU
		Release|Any CPU = Release|Any CPU
	EndGlobalSection
	GlobalSection(SolutionProperties) = preSolution
		HideSolutionNode = FALSE
	EndGlobalSection
	GlobalSection(ProjectConfigurationPlatforms) = postSolution
		{0549D829-D7AE-4BC3-866B-79337E1B394B}.Debug|Any CPU.ActiveCfg = Debug|Any CPU
		{0549D829-D7AE-4BC3-866B-79337E1B394B}.Debug|Any CPU.Build.0 = Debug|Any CPU
		{0549D829-D7AE-4BC3-866B-79337E1B394B}.Release|Any CPU.ActiveCfg = Release|Any CPU
		{0549D829-D7AE-4BC3-866B-79337E1B394B}.Release|Any CPU.Build.0 = Release|Any CPU
		{D666CB27-C9FE-4548-B2C2-2A31ACE7C030}.Debug|Any CPU.ActiveCfg = Debug|Any CPU
		{D666CB27-C9FE-4548-B2C2-2A31ACE7C030}.Debug|Any CPU.Build.0 = Debug|Any CPU
		{D666CB27-C9FE-4548-B2C2-2A31ACE7C030}.Release|Any CPU.ActiveCfg = Release|Any CPU
		{D666CB27-C9FE-4548-B2C2-2A31ACE7C030}.Release|Any CPU.Build.0 = Release|Any CPU
	EndGlobalSection
EndGlobal
