
Microsoft Visual Studio Solution File, Format Version 12.00
# Visual Studio Version 17
VisualStudioVersion = 17.0.31903.59
MinimumVisualStudioVersion = 10.0.40219.1
Project("{FAE04EC0-301F-11D3-BF4B-00C04F79EFBC}") = "task05", "task05\task05.csproj", "{DC8DFACF-B497-4660-9C10-22ADDD38B0A5}"
EndProject
Project("{FAE04EC0-301F-11D3-BF4B-00C04F79EFBC}") = "task05tests", "task05tests\task05tests.csproj", "{A6F61393-0800-41F2-85FF-C796528630D8}"
EndProject
Global
	GlobalSection(SolutionConfigurationPlatforms) = preSolution
		Debug|Any CPU = Debug|Any CPU
		Release|Any CPU = Release|Any CPU
	EndGlobalSection
	GlobalSection(SolutionProperties) = preSolution
		HideSolutionNode = FALSE
	EndGlobalSection
	GlobalSection(ProjectConfigurationPlatforms) = postSolution
		{DC8DFACF-B497-4660-9C10-22ADDD38B0A5}.Debug|Any CPU.ActiveCfg = Debug|Any CPU
		{DC8DFACF-B497-4660-9C10-22ADDD38B0A5}.Debug|Any CPU.Build.0 = Debug|Any CPU
		{DC8DFACF-B497-4660-9C10-22ADDD38B0A5}.Release|Any CPU.ActiveCfg = Release|Any CPU
		{DC8DFACF-B497-4660-9C10-22ADDD38B0A5}.Release|Any CPU.Build.0 = Release|Any CPU
		{A6F61393-0800-41F2-85FF-C796528630D8}.Debug|Any CPU.ActiveCfg = Debug|Any CPU
		{A6F61393-0800-41F2-85FF-C796528630D8}.Debug|Any CPU.Build.0 = Debug|Any CPU
		{A6F61393-0800-41F2-85FF-C796528630D8}.Release|Any CPU.ActiveCfg = Release|Any CPU
		{A6F61393-0800-41F2-85FF-C796528630D8}.Release|Any CPU.Build.0 = Release|Any CPU
	EndGlobalSection
EndGlobal
