
Microsoft Visual Studio Solution File, Format Version 12.00
# Visual Studio Version 17
VisualStudioVersion = 17.0.31903.59
MinimumVisualStudioVersion = 10.0.40219.1
Project("{FAE04EC0-301F-11D3-BF4B-00C04F79EFBC}") = "CommandLib", "CommandLib\CommandLib.csproj", "{A1D3A0B6-37F4-4953-9FAB-FF52D182F22F}"
EndProject
Project("{FAE04EC0-301F-11D3-BF4B-00C04F79EFBC}") = "FileSystemCommands", "FileSystemCommands\FileSystemCommands.csproj", "{CC6D6262-E310-4DE8-87AC-467A8D46FAAE}"
EndProject
Project("{FAE04EC0-301F-11D3-BF4B-00C04F79EFBC}") = "CommandRunner", "CommandRunner\CommandRunner.csproj", "{C6BE228E-7FF1-4286-86ED-B51C134C54E2}"
EndProject
Project("{FAE04EC0-301F-11D3-BF4B-00C04F79EFBC}") = "task08tests", "task08tests\task08tests.csproj", "{7451B376-8005-48D3-BC65-68D143DA49F5}"
EndProject
Global
	GlobalSection(SolutionConfigurationPlatforms) = preSolution
		Debug|Any CPU = Debug|Any CPU
		Release|Any CPU = Release|Any CPU
	EndGlobalSection
	GlobalSection(SolutionProperties) = preSolution
		HideSolutionNode = FALSE
	EndGlobalSection
	GlobalSection(ProjectConfigurationPlatforms) = postSolution
		{A1D3A0B6-37F4-4953-9FAB-FF52D182F22F}.Debug|Any CPU.ActiveCfg = Debug|Any CPU
		{A1D3A0B6-37F4-4953-9FAB-FF52D182F22F}.Debug|Any CPU.Build.0 = Debug|Any CPU
		{A1D3A0B6-37F4-4953-9FAB-FF52D182F22F}.Release|Any CPU.ActiveCfg = Release|Any CPU
		{A1D3A0B6-37F4-4953-9FAB-FF52D182F22F}.Release|Any CPU.Build.0 = Release|Any CPU
		{CC6D6262-E310-4DE8-87AC-467A8D46FAAE}.Debug|Any CPU.ActiveCfg = Debug|Any CPU
		{CC6D6262-E310-4DE8-87AC-467A8D46FAAE}.Debug|Any CPU.Build.0 = Debug|Any CPU
		{CC6D6262-E310-4DE8-87AC-467A8D46FAAE}.Release|Any CPU.ActiveCfg = Release|Any CPU
		{CC6D6262-E310-4DE8-87AC-467A8D46FAAE}.Release|Any CPU.Build.0 = Release|Any CPU
		{C6BE228E-7FF1-4286-86ED-B51C134C54E2}.Debug|Any CPU.ActiveCfg = Debug|Any CPU
		{C6BE228E-7FF1-4286-86ED-B51C134C54E2}.Debug|Any CPU.Build.0 = Debug|Any CPU
		{C6BE228E-7FF1-4286-86ED-B51C134C54E2}.Release|Any CPU.ActiveCfg = Release|Any CPU
		{C6BE228E-7FF1-4286-86ED-B51C134C54E2}.Release|Any CPU.Build.0 = Release|Any CPU
		{7451B376-8005-48D3-BC65-68D143DA49F5}.Debug|Any CPU.ActiveCfg = Debug|Any CPU
		{7451B376-8005-48D3-BC65-68D143DA49F5}.Debug|Any CPU.Build.0 = Debug|Any CPU
		{7451B376-8005-48D3-BC65-68D143DA49F5}.Release|Any CPU.ActiveCfg = Release|Any CPU
		{7451B376-8005-48D3-BC65-68D143DA49F5}.Release|Any CPU.Build.0 = Release|Any CPU
	EndGlobalSection
EndGlobal
